
Microsoft Visual Studio Solution File, Format Version 12.00
# Visual Studio 15
VisualStudioVersion = 15.0.28010.2026
MinimumVisualStudioVersion = 10.0.40219.1
Project("{FAE04EC0-301F-11D3-BF4B-00C04F79EFBC}") = "carwebsite", "carwebsite\carwebsite.csproj", "{4F7207B9-6D9E-47E8-99AF-E9913995438D}"
EndProject
Global
	GlobalSection(SolutionConfigurationPlatforms) = preSolution
		Debug|Any CPU = Debug|Any CPU
		Release|Any CPU = Release|Any CPU
	EndGlobalSection
	GlobalSection(ProjectConfigurationPlatforms) = postSolution
		{4F7207B9-6D9E-47E8-99AF-E9913995438D}.Debug|Any CPU.ActiveCfg = Debug|Any CPU
		{4F7207B9-6D9E-47E8-99AF-E9913995438D}.Debug|Any CPU.Build.0 = Debug|Any CPU
		{4F7207B9-6D9E-47E8-99AF-E9913995438D}.Release|Any CPU.ActiveCfg = Release|Any CPU
		{4F7207B9-6D9E-47E8-99AF-E9913995438D}.Release|Any CPU.Build.0 = Release|Any CPU
	EndGlobalSection
	GlobalSection(SolutionProperties) = preSolution
		HideSolutionNode = FALSE
	EndGlobalSection
	GlobalSection(ExtensibilityGlobals) = postSolution
		SolutionGuid = {5C99C558-BCA0-4675-9DC2-E4EBDD0DC393}
	EndGlobalSection
EndGlobal
